schema: '2.0'
stages:
  data_ingestion:
    cmd: python src/data/data_ingestion.py
    deps:
    - path: data/processed
      hash: md5
      md5: eac01cbdbecb95efde061d9cec0f50ef.dir
      size: 11520
      nfiles: 1
    - path: params.yaml
      hash: md5
      md5: a41a864e0b1eaa54830c452215489b5b
      size: 110
    - path: src/data/data_ingestion.py
      hash: md5
      md5: a1d98c12d77314dd15fefa8e57b363aa
      size: 1057
    outs:
    - path: data/train_test_split
      hash: md5
      md5: 653cba6d5c112341c78006a47e42778e.dir
      size: 11960
      nfiles: 4
  feature_engineering:
    cmd: python src/data/feature_engineering.py
    deps:
    - path: data/train_test_split
      hash: md5
      md5: 653cba6d5c112341c78006a47e42778e.dir
      size: 11960
      nfiles: 4
    - path: params.yaml
      hash: md5
      md5: a41a864e0b1eaa54830c452215489b5b
      size: 110
    - path: src/data/feature_engineering.py
      hash: md5
      md5: ca7e292179cbb03c74f8a80186eaa54e
      size: 1998
    outs:
    - path: artifacts/scalers
      hash: md5
      md5: 3379cb96d77369f4ee035d5db6f4d988.dir
      size: 1511
      nfiles: 2
    - path: data/features
      hash: md5
      md5: b6f62ab56ddd43cacdaab6a63c76703b.dir
      size: 55781
      nfiles: 4
  model_RF:
    cmd: python src/models/model_RF.py
    deps:
    - path: data/features
      hash: md5
      md5: 7f8394b45f904aff44bdacb24b4764b8.dir
      size: 55781
      nfiles: 4
    - path: src/models/model_RF.py
      hash: md5
      md5: ca160b8172e8de2df6f77aed4e78743c
      size: 3865
    outs:
    - path: artifacts/models_RF
      hash: md5
      md5: 603e9f8e060de74f4b92d9d92055a4d6.dir
      size: 864344
      nfiles: 1
