schema: '2.0'
stages:
  data_ingestion:
    cmd: python src/data/data_ingestion.py
    deps:
    - path: data/processed
      hash: md5
      md5: eac01cbdbecb95efde061d9cec0f50ef.dir
      size: 11520
      nfiles: 1
    - path: src/data/data_ingestion.py
      hash: md5
      md5: 417cf79e78e89e05c2287af584f5305c
      size: 1167
    outs:
    - path: data/train_test_split
      hash: md5
      md5: bd1774c249a439a8d5fe12b4ca4d8a0e.dir
      size: 11960
      nfiles: 4
  feature_engineering:
    cmd: python src/data/feature_engineering.py
    deps:
    - path: data/train_test_split
      hash: md5
      md5: bd1774c249a439a8d5fe12b4ca4d8a0e.dir
      size: 11960
      nfiles: 4
    - path: src/data/feature_engineering.py
      hash: md5
      md5: 560d43fce8233751b1fcb69e6565d733
      size: 2158
    outs:
    - path: artifacts/scalers
      hash: md5
      md5: fbdd0daf237cab4d4ba431062c231b81.dir
      size: 1511
      nfiles: 2
    - path: data/features
      hash: md5
      md5: 34498b9a7a94a181f4ca2cd11ed3ff0e.dir
      size: 55781
      nfiles: 4
  model_RF:
    cmd: python src/models/model_RF.py
    deps:
    - path: data/features
      hash: md5
      md5: 34498b9a7a94a181f4ca2cd11ed3ff0e.dir
      size: 55781
      nfiles: 4
    - path: src/models/model_RF.py
      hash: md5
      md5: 4da6e1e127d006d7be691c3879fc72eb
      size: 3756
    outs:
    - path: artifacts/models_RF
      hash: md5
      md5: e09c29d9d60e607a7efecbc0c13786b1.dir
      size: 3693716
      nfiles: 1
